
Microsoft Visual Studio Solution File, Format Version 12.00
# Visual Studio Version 17
VisualStudioVersion = 17.0.32112.339
MinimumVisualStudioVersion = 10.0.40219.1
Project("{9A19103F-16F7-4668-BE54-9A1E7A4F7556}") = "Noesis.WeatherMap.Site", "Noesis.WeatherMap.Site\Noesis.WeatherMap.Site.csproj", "{E639627E-AA63-4341-985B-0D4CEF28E5FC}"
EndProject
Project("{9A19103F-16F7-4668-BE54-9A1E7A4F7556}") = "Noesis.WeatherMap.Data", "Noesis.WeatherMap.Data\Noesis.WeatherMap.Data.csproj", "{A98E63E2-0FA2-46DC-99AC-FE86802C1F9C}"
EndProject
Project("{FAE04EC0-301F-11D3-BF4B-00C04F79EFBC}") = "Noesis.WeatherMap.API", "Noesis.WeatherMap.API\Noesis.WeatherMap.API.csproj", "{5CB3DF5A-54D7-488F-9665-C61579371620}"
EndProject
Global
	GlobalSection(SolutionConfigurationPlatforms) = preSolution
		Debug|Any CPU = Debug|Any CPU
		Release|Any CPU = Release|Any CPU
	EndGlobalSection
	GlobalSection(ProjectConfigurationPlatforms) = postSolution
		{E639627E-AA63-4341-985B-0D4CEF28E5FC}.Debug|Any CPU.ActiveCfg = Debug|Any CPU
		{E639627E-AA63-4341-985B-0D4CEF28E5FC}.Debug|Any CPU.Build.0 = Debug|Any CPU
		{E639627E-AA63-4341-985B-0D4CEF28E5FC}.Release|Any CPU.ActiveCfg = Release|Any CPU
		{E639627E-AA63-4341-985B-0D4CEF28E5FC}.Release|Any CPU.Build.0 = Release|Any CPU
		{A98E63E2-0FA2-46DC-99AC-FE86802C1F9C}.Debug|Any CPU.ActiveCfg = Debug|Any CPU
		{A98E63E2-0FA2-46DC-99AC-FE86802C1F9C}.Debug|Any CPU.Build.0 = Debug|Any CPU
		{A98E63E2-0FA2-46DC-99AC-FE86802C1F9C}.Release|Any CPU.ActiveCfg = Release|Any CPU
		{A98E63E2-0FA2-46DC-99AC-FE86802C1F9C}.Release|Any CPU.Build.0 = Release|Any CPU
		{5CB3DF5A-54D7-488F-9665-C61579371620}.Debug|Any CPU.ActiveCfg = Debug|Any CPU
		{5CB3DF5A-54D7-488F-9665-C61579371620}.Debug|Any CPU.Build.0 = Debug|Any CPU
		{5CB3DF5A-54D7-488F-9665-C61579371620}.Release|Any CPU.ActiveCfg = Release|Any CPU
		{5CB3DF5A-54D7-488F-9665-C61579371620}.Release|Any CPU.Build.0 = Release|Any CPU
	EndGlobalSection
	GlobalSection(SolutionProperties) = preSolution
		HideSolutionNode = FALSE
	EndGlobalSection
	GlobalSection(ExtensibilityGlobals) = postSolution
		SolutionGuid = {0E681349-C74C-4AF2-A567-5F0E00889CCF}
	EndGlobalSection
EndGlobal
